
Microsoft Visual Studio Solution File, Format Version 12.00
# Visual Studio Version 16
VisualStudioVersion = 16.0.30503.244
MinimumVisualStudioVersion = 10.0.40219.1
Project("{9A19103F-16F7-4668-BE54-9A1E7A4F7556}") = "ApiUser", "ApiUser\ApiUser.csproj", "{ACB7A106-D9D0-4954-A2C5-21C54CE29CCE}"
EndProject
Project("{FAE04EC0-301F-11D3-BF4B-00C04F79EFBC}") = "CoreDomain", "CoreDomain\CoreDomain.csproj", "{AED1579D-0AA3-4232-833B-07A5917C2A6C}"
EndProject
Project("{FAE04EC0-301F-11D3-BF4B-00C04F79EFBC}") = "ConsumidorRabbit", "ConsumidorRabbit\ConsumidorRabbit.csproj", "{899991F7-C7B1-4FF4-8E8F-4306C64038B0}"
EndProject
Global
	GlobalSection(SolutionConfigurationPlatforms) = preSolution
		Debug|Any CPU = Debug|Any CPU
		Release|Any CPU = Release|Any CPU
	EndGlobalSection
	GlobalSection(ProjectConfigurationPlatforms) = postSolution
		{ACB7A106-D9D0-4954-A2C5-21C54CE29CCE}.Debug|Any CPU.ActiveCfg = Debug|Any CPU
		{ACB7A106-D9D0-4954-A2C5-21C54CE29CCE}.Debug|Any CPU.Build.0 = Debug|Any CPU
		{ACB7A106-D9D0-4954-A2C5-21C54CE29CCE}.Release|Any CPU.ActiveCfg = Release|Any CPU
		{ACB7A106-D9D0-4954-A2C5-21C54CE29CCE}.Release|Any CPU.Build.0 = Release|Any CPU
		{AED1579D-0AA3-4232-833B-07A5917C2A6C}.Debug|Any CPU.ActiveCfg = Debug|Any CPU
		{AED1579D-0AA3-4232-833B-07A5917C2A6C}.Debug|Any CPU.Build.0 = Debug|Any CPU
		{AED1579D-0AA3-4232-833B-07A5917C2A6C}.Release|Any CPU.ActiveCfg = Release|Any CPU
		{AED1579D-0AA3-4232-833B-07A5917C2A6C}.Release|Any CPU.Build.0 = Release|Any CPU
		{899991F7-C7B1-4FF4-8E8F-4306C64038B0}.Debug|Any CPU.ActiveCfg = Debug|Any CPU
		{899991F7-C7B1-4FF4-8E8F-4306C64038B0}.Debug|Any CPU.Build.0 = Debug|Any CPU
		{899991F7-C7B1-4FF4-8E8F-4306C64038B0}.Release|Any CPU.ActiveCfg = Release|Any CPU
		{899991F7-C7B1-4FF4-8E8F-4306C64038B0}.Release|Any CPU.Build.0 = Release|Any CPU
	EndGlobalSection
	GlobalSection(SolutionProperties) = preSolution
		HideSolutionNode = FALSE
	EndGlobalSection
	GlobalSection(ExtensibilityGlobals) = postSolution
		SolutionGuid = {84A754A1-20E6-4464-9739-52D50418B511}
	EndGlobalSection
EndGlobal
